
Microsoft Visual Studio Solution File, Format Version 12.00
# Visual Studio Version 16
VisualStudioVersion = 16.0.28516.95
MinimumVisualStudioVersion = 10.0.40219.1
Project("{D954291E-2A0B-460D-934E-DC6B0785DB48}") = "SampleSolution.Core", "Shared\SampleSolution.Core\SampleSolution.Core.shproj", "{027144BE-86C1-4406-AB59-7D2A12C36DFE}"
EndProject
Project("{9A19103F-16F7-4668-BE54-9A1E7A4F7556}") = "SampleSolution.Web", "Clients\SampleSolution.Web\SampleSolution.Web.csproj", "{5F5F284F-2213-402C-901D-737E6C4DF21E}"
EndProject
Project("{9A19103F-16F7-4668-BE54-9A1E7A4F7556}") = "SampleSolution.Backend", "Backends\SampleSolution.Backend\SampleSolution.Backend.csproj", "{72C9DE9A-41B0-4698-8F3A-EC02A2FF6437}"
EndProject
Project("{D954291E-2A0B-460D-934E-DC6B0785DB48}") = "SampleSolution.ServerCore", "Shared\SampleSolution.ServerCore\SampleSolution.ServerCore.shproj", "{3C2FD61B-5946-4A48-8FDD-5FB25511643E}"
EndProject
Project("{FAE04EC0-301F-11D3-BF4B-00C04F79EFBC}") = "SampleSolution.Android", "Clients\SampleSolution.Android\SampleSolution.Android.csproj", "{982D6891-88A9-482D-B415-477BEEC9978A}"
EndProject
Project("{FAE04EC0-301F-11D3-BF4B-00C04F79EFBC}") = "SampleSolution.iOS", "Clients\SampleSolution.iOS\SampleSolution.iOS.csproj", "{6414B34E-EB82-4FB2-B137-E75F3570BFED}"
EndProject
Project("{2150E333-8FDC-42A3-9474-1A3956D46DE8}") = "Shared", "Shared", "{8C56552D-7065-4A4A-BDD1-4F454513C8D6}"
EndProject
Project("{2150E333-8FDC-42A3-9474-1A3956D46DE8}") = "Backends", "Backends", "{FEBA0386-D464-418E-AF40-7B3CBBA52446}"
EndProject
Project("{2150E333-8FDC-42A3-9474-1A3956D46DE8}") = "Clients", "Clients", "{FD03AFBE-8D8E-406D-9632-46D114ADB462}"
EndProject
Project("{2150E333-8FDC-42A3-9474-1A3956D46DE8}") = "Solution Items", "Solution Items", "{5522DCBE-6BAF-43B3-9658-7CACBC985A9B}"
	ProjectSection(SolutionItems) = preProject
		.editorconfig = .editorconfig
		.gitignore = .gitignore
		SolutionItems\build.sh = SolutionItems\build.sh
		SolutionItems\cleanRepo.js = SolutionItems\cleanRepo.js
		SolutionItems\dockerHelp.txt = SolutionItems\dockerHelp.txt
		README.md = README.md
	EndProjectSection
EndProject
Project("{2150E333-8FDC-42A3-9474-1A3956D46DE8}") = "github", "github", "{69FD9277-C96B-42B1-969E-3123148288DD}"
	ProjectSection(SolutionItems) = preProject
		.github\workflows\sample-solution.backend.yml = .github\workflows\sample-solution.backend.yml
	EndProjectSection
EndProject
Project("{2150E333-8FDC-42A3-9474-1A3956D46DE8}") = "ci", "ci", "{D49D5814-FDD7-4DF9-B14C-2D639F7E828E}"
	ProjectSection(SolutionItems) = preProject
		ci\build_backend.sh = ci\build_backend.sh
		ci\build_docker.sh = ci\build_docker.sh
		ci\build_release.sh = ci\build_release.sh
		ci\build_web.sh = ci\build_web.sh
	EndProjectSection
EndProject
Global
	GlobalSection(SharedMSBuildProjectFiles) = preSolution
		Shared\SampleSolution.Core\SampleSolution.Core.projitems*{027144be-86c1-4406-ab59-7d2a12c36dfe}*SharedItemsImports = 13
		Shared\SampleSolution.ServerCore\SampleSolution.ServerCore.projitems*{3c2fd61b-5946-4a48-8fdd-5fb25511643e}*SharedItemsImports = 13
		Shared\SampleSolution.Core\SampleSolution.Core.projitems*{6414b34e-eb82-4fb2-b137-e75f3570bfed}*SharedItemsImports = 4
		Shared\SampleSolution.Core\SampleSolution.Core.projitems*{72c9de9a-41b0-4698-8f3a-ec02a2ff6437}*SharedItemsImports = 5
		Shared\SampleSolution.ServerCore\SampleSolution.ServerCore.projitems*{72c9de9a-41b0-4698-8f3a-ec02a2ff6437}*SharedItemsImports = 5
		Shared\SampleSolution.Core\SampleSolution.Core.projitems*{982d6891-88a9-482d-b415-477beec9978a}*SharedItemsImports = 4
	EndGlobalSection
	GlobalSection(SolutionConfigurationPlatforms) = preSolution
		Debug|Any CPU = Debug|Any CPU
		Debug|ARM = Debug|ARM
		Debug|iPhone = Debug|iPhone
		Debug|iPhoneSimulator = Debug|iPhoneSimulator
		Debug|x64 = Debug|x64
		Debug|x86 = Debug|x86
		Release|Any CPU = Release|Any CPU
		Release|ARM = Release|ARM
		Release|iPhone = Release|iPhone
		Release|iPhoneSimulator = Release|iPhoneSimulator
		Release|x64 = Release|x64
		Release|x86 = Release|x86
	EndGlobalSection
	GlobalSection(ProjectConfigurationPlatforms) = postSolution
		{5F5F284F-2213-402C-901D-737E6C4DF21E}.Debug|Any CPU.ActiveCfg = Debug|Any CPU
		{5F5F284F-2213-402C-901D-737E6C4DF21E}.Debug|Any CPU.Build.0 = Debug|Any CPU
		{5F5F284F-2213-402C-901D-737E6C4DF21E}.Debug|ARM.ActiveCfg = Debug|Any CPU
		{5F5F284F-2213-402C-901D-737E6C4DF21E}.Debug|ARM.Build.0 = Debug|Any CPU
		{5F5F284F-2213-402C-901D-737E6C4DF21E}.Debug|iPhone.ActiveCfg = Debug|Any CPU
		{5F5F284F-2213-402C-901D-737E6C4DF21E}.Debug|iPhone.Build.0 = Debug|Any CPU
		{5F5F284F-2213-402C-901D-737E6C4DF21E}.Debug|iPhoneSimulator.ActiveCfg = Debug|Any CPU
		{5F5F284F-2213-402C-901D-737E6C4DF21E}.Debug|iPhoneSimulator.Build.0 = Debug|Any CPU
		{5F5F284F-2213-402C-901D-737E6C4DF21E}.Debug|x64.ActiveCfg = Debug|Any CPU
		{5F5F284F-2213-402C-901D-737E6C4DF21E}.Debug|x64.Build.0 = Debug|Any CPU
		{5F5F284F-2213-402C-901D-737E6C4DF21E}.Debug|x86.ActiveCfg = Debug|Any CPU
		{5F5F284F-2213-402C-901D-737E6C4DF21E}.Debug|x86.Build.0 = Debug|Any CPU
		{5F5F284F-2213-402C-901D-737E6C4DF21E}.Release|Any CPU.ActiveCfg = Release|Any CPU
		{5F5F284F-2213-402C-901D-737E6C4DF21E}.Release|Any CPU.Build.0 = Release|Any CPU
		{5F5F284F-2213-402C-901D-737E6C4DF21E}.Release|ARM.ActiveCfg = Release|Any CPU
		{5F5F284F-2213-402C-901D-737E6C4DF21E}.Release|ARM.Build.0 = Release|Any CPU
		{5F5F284F-2213-402C-901D-737E6C4DF21E}.Release|iPhone.ActiveCfg = Release|Any CPU
		{5F5F284F-2213-402C-901D-737E6C4DF21E}.Release|iPhone.Build.0 = Release|Any CPU
		{5F5F284F-2213-402C-901D-737E6C4DF21E}.Release|iPhoneSimulator.ActiveCfg = Release|Any CPU
		{5F5F284F-2213-402C-901D-737E6C4DF21E}.Release|iPhoneSimulator.Build.0 = Release|Any CPU
		{5F5F284F-2213-402C-901D-737E6C4DF21E}.Release|x64.ActiveCfg = Release|Any CPU
		{5F5F284F-2213-402C-901D-737E6C4DF21E}.Release|x64.Build.0 = Release|Any CPU
		{5F5F284F-2213-402C-901D-737E6C4DF21E}.Release|x86.ActiveCfg = Release|Any CPU
		{5F5F284F-2213-402C-901D-737E6C4DF21E}.Release|x86.Build.0 = Release|Any CPU
		{72C9DE9A-41B0-4698-8F3A-EC02A2FF6437}.Debug|Any CPU.ActiveCfg = Debug|Any CPU
		{72C9DE9A-41B0-4698-8F3A-EC02A2FF6437}.Debug|Any CPU.Build.0 = Debug|Any CPU
		{72C9DE9A-41B0-4698-8F3A-EC02A2FF6437}.Debug|ARM.ActiveCfg = Debug|Any CPU
		{72C9DE9A-41B0-4698-8F3A-EC02A2FF6437}.Debug|ARM.Build.0 = Debug|Any CPU
		{72C9DE9A-41B0-4698-8F3A-EC02A2FF6437}.Debug|iPhone.ActiveCfg = Debug|Any CPU
		{72C9DE9A-41B0-4698-8F3A-EC02A2FF6437}.Debug|iPhone.Build.0 = Debug|Any CPU
		{72C9DE9A-41B0-4698-8F3A-EC02A2FF6437}.Debug|iPhoneSimulator.ActiveCfg = Debug|Any CPU
		{72C9DE9A-41B0-4698-8F3A-EC02A2FF6437}.Debug|iPhoneSimulator.Build.0 = Debug|Any CPU
		{72C9DE9A-41B0-4698-8F3A-EC02A2FF6437}.Debug|x64.ActiveCfg = Debug|Any CPU
		{72C9DE9A-41B0-4698-8F3A-EC02A2FF6437}.Debug|x64.Build.0 = Debug|Any CPU
		{72C9DE9A-41B0-4698-8F3A-EC02A2FF6437}.Debug|x86.ActiveCfg = Debug|Any CPU
		{72C9DE9A-41B0-4698-8F3A-EC02A2FF6437}.Debug|x86.Build.0 = Debug|Any CPU
		{72C9DE9A-41B0-4698-8F3A-EC02A2FF6437}.Release|Any CPU.ActiveCfg = Release|Any CPU
		{72C9DE9A-41B0-4698-8F3A-EC02A2FF6437}.Release|Any CPU.Build.0 = Release|Any CPU
		{72C9DE9A-41B0-4698-8F3A-EC02A2FF6437}.Release|ARM.ActiveCfg = Release|Any CPU
		{72C9DE9A-41B0-4698-8F3A-EC02A2FF6437}.Release|ARM.Build.0 = Release|Any CPU
		{72C9DE9A-41B0-4698-8F3A-EC02A2FF6437}.Release|iPhone.ActiveCfg = Release|Any CPU
		{72C9DE9A-41B0-4698-8F3A-EC02A2FF6437}.Release|iPhone.Build.0 = Release|Any CPU
		{72C9DE9A-41B0-4698-8F3A-EC02A2FF6437}.Release|iPhoneSimulator.ActiveCfg = Release|Any CPU
		{72C9DE9A-41B0-4698-8F3A-EC02A2FF6437}.Release|iPhoneSimulator.Build.0 = Release|Any CPU
		{72C9DE9A-41B0-4698-8F3A-EC02A2FF6437}.Release|x64.ActiveCfg = Release|Any CPU
		{72C9DE9A-41B0-4698-8F3A-EC02A2FF6437}.Release|x64.Build.0 = Release|Any CPU
		{72C9DE9A-41B0-4698-8F3A-EC02A2FF6437}.Release|x86.ActiveCfg = Release|Any CPU
		{72C9DE9A-41B0-4698-8F3A-EC02A2FF6437}.Release|x86.Build.0 = Release|Any CPU
		{982D6891-88A9-482D-B415-477BEEC9978A}.Debug|Any CPU.ActiveCfg = Debug|Any CPU
		{982D6891-88A9-482D-B415-477BEEC9978A}.Debug|Any CPU.Build.0 = Debug|Any CPU
		{982D6891-88A9-482D-B415-477BEEC9978A}.Debug|Any CPU.Deploy.0 = Debug|Any CPU
		{982D6891-88A9-482D-B415-477BEEC9978A}.Debug|ARM.ActiveCfg = Debug|Any CPU
		{982D6891-88A9-482D-B415-477BEEC9978A}.Debug|ARM.Build.0 = Debug|Any CPU
		{982D6891-88A9-482D-B415-477BEEC9978A}.Debug|ARM.Deploy.0 = Debug|Any CPU
		{982D6891-88A9-482D-B415-477BEEC9978A}.Debug|iPhone.ActiveCfg = Debug|Any CPU
		{982D6891-88A9-482D-B415-477BEEC9978A}.Debug|iPhone.Build.0 = Debug|Any CPU
		{982D6891-88A9-482D-B415-477BEEC9978A}.Debug|iPhone.Deploy.0 = Debug|Any CPU
		{982D6891-88A9-482D-B415-477BEEC9978A}.Debug|iPhoneSimulator.ActiveCfg = Debug|Any CPU
		{982D6891-88A9-482D-B415-477BEEC9978A}.Debug|iPhoneSimulator.Build.0 = Debug|Any CPU
		{982D6891-88A9-482D-B415-477BEEC9978A}.Debug|iPhoneSimulator.Deploy.0 = Debug|Any CPU
		{982D6891-88A9-482D-B415-477BEEC9978A}.Debug|x64.ActiveCfg = Debug|Any CPU
		{982D6891-88A9-482D-B415-477BEEC9978A}.Debug|x64.Build.0 = Debug|Any CPU
		{982D6891-88A9-482D-B415-477BEEC9978A}.Debug|x64.Deploy.0 = Debug|Any CPU
		{982D6891-88A9-482D-B415-477BEEC9978A}.Debug|x86.ActiveCfg = Debug|Any CPU
		{982D6891-88A9-482D-B415-477BEEC9978A}.Debug|x86.Build.0 = Debug|Any CPU
		{982D6891-88A9-482D-B415-477BEEC9978A}.Debug|x86.Deploy.0 = Debug|Any CPU
		{982D6891-88A9-482D-B415-477BEEC9978A}.Release|Any CPU.ActiveCfg = Release|Any CPU
		{982D6891-88A9-482D-B415-477BEEC9978A}.Release|Any CPU.Build.0 = Release|Any CPU
		{982D6891-88A9-482D-B415-477BEEC9978A}.Release|Any CPU.Deploy.0 = Release|Any CPU
		{982D6891-88A9-482D-B415-477BEEC9978A}.Release|ARM.ActiveCfg = Release|Any CPU
		{982D6891-88A9-482D-B415-477BEEC9978A}.Release|ARM.Build.0 = Release|Any CPU
		{982D6891-88A9-482D-B415-477BEEC9978A}.Release|ARM.Deploy.0 = Release|Any CPU
		{982D6891-88A9-482D-B415-477BEEC9978A}.Release|iPhone.ActiveCfg = Release|Any CPU
		{982D6891-88A9-482D-B415-477BEEC9978A}.Release|iPhone.Build.0 = Release|Any CPU
		{982D6891-88A9-482D-B415-477BEEC9978A}.Release|iPhone.Deploy.0 = Release|Any CPU
		{982D6891-88A9-482D-B415-477BEEC9978A}.Release|iPhoneSimulator.ActiveCfg = Release|Any CPU
		{982D6891-88A9-482D-B415-477BEEC9978A}.Release|iPhoneSimulator.Build.0 = Release|Any CPU
		{982D6891-88A9-482D-B415-477BEEC9978A}.Release|iPhoneSimulator.Deploy.0 = Release|Any CPU
		{982D6891-88A9-482D-B415-477BEEC9978A}.Release|x64.ActiveCfg = Release|Any CPU
		{982D6891-88A9-482D-B415-477BEEC9978A}.Release|x64.Build.0 = Release|Any CPU
		{982D6891-88A9-482D-B415-477BEEC9978A}.Release|x64.Deploy.0 = Release|Any CPU
		{982D6891-88A9-482D-B415-477BEEC9978A}.Release|x86.ActiveCfg = Release|Any CPU
		{982D6891-88A9-482D-B415-477BEEC9978A}.Release|x86.Build.0 = Release|Any CPU
		{982D6891-88A9-482D-B415-477BEEC9978A}.Release|x86.Deploy.0 = Release|Any CPU
		{6414B34E-EB82-4FB2-B137-E75F3570BFED}.Debug|Any CPU.ActiveCfg = Debug|iPhone
		{6414B34E-EB82-4FB2-B137-E75F3570BFED}.Debug|ARM.ActiveCfg = Debug|iPhone
		{6414B34E-EB82-4FB2-B137-E75F3570BFED}.Debug|iPhone.ActiveCfg = Debug|iPhone
		{6414B34E-EB82-4FB2-B137-E75F3570BFED}.Debug|iPhone.Build.0 = Debug|iPhone
		{6414B34E-EB82-4FB2-B137-E75F3570BFED}.Debug|iPhoneSimulator.ActiveCfg = Debug|iPhoneSimulator
		{6414B34E-EB82-4FB2-B137-E75F3570BFED}.Debug|iPhoneSimulator.Build.0 = Debug|iPhoneSimulator
		{6414B34E-EB82-4FB2-B137-E75F3570BFED}.Debug|x64.ActiveCfg = Debug|iPhone
		{6414B34E-EB82-4FB2-B137-E75F3570BFED}.Debug|x86.ActiveCfg = Debug|iPhone
		{6414B34E-EB82-4FB2-B137-E75F3570BFED}.Release|Any CPU.ActiveCfg = Release|iPhone
		{6414B34E-EB82-4FB2-B137-E75F3570BFED}.Release|ARM.ActiveCfg = Release|iPhone
		{6414B34E-EB82-4FB2-B137-E75F3570BFED}.Release|iPhone.ActiveCfg = Release|iPhone
		{6414B34E-EB82-4FB2-B137-E75F3570BFED}.Release|iPhone.Build.0 = Release|iPhone
		{6414B34E-EB82-4FB2-B137-E75F3570BFED}.Release|iPhoneSimulator.ActiveCfg = Release|iPhoneSimulator
		{6414B34E-EB82-4FB2-B137-E75F3570BFED}.Release|iPhoneSimulator.Build.0 = Release|iPhoneSimulator
		{6414B34E-EB82-4FB2-B137-E75F3570BFED}.Release|x64.ActiveCfg = Release|iPhone
		{6414B34E-EB82-4FB2-B137-E75F3570BFED}.Release|x86.ActiveCfg = Release|iPhone
	EndGlobalSection
	GlobalSection(SolutionProperties) = preSolution
		HideSolutionNode = FALSE
	EndGlobalSection
	GlobalSection(NestedProjects) = preSolution
		{027144BE-86C1-4406-AB59-7D2A12C36DFE} = {8C56552D-7065-4A4A-BDD1-4F454513C8D6}
		{5F5F284F-2213-402C-901D-737E6C4DF21E} = {FD03AFBE-8D8E-406D-9632-46D114ADB462}
		{72C9DE9A-41B0-4698-8F3A-EC02A2FF6437} = {FEBA0386-D464-418E-AF40-7B3CBBA52446}
		{3C2FD61B-5946-4A48-8FDD-5FB25511643E} = {8C56552D-7065-4A4A-BDD1-4F454513C8D6}
		{982D6891-88A9-482D-B415-477BEEC9978A} = {FD03AFBE-8D8E-406D-9632-46D114ADB462}
		{6414B34E-EB82-4FB2-B137-E75F3570BFED} = {FD03AFBE-8D8E-406D-9632-46D114ADB462}
		{69FD9277-C96B-42B1-969E-3123148288DD} = {5522DCBE-6BAF-43B3-9658-7CACBC985A9B}
		{D49D5814-FDD7-4DF9-B14C-2D639F7E828E} = {5522DCBE-6BAF-43B3-9658-7CACBC985A9B}
	EndGlobalSection
	GlobalSection(ExtensibilityGlobals) = postSolution
		SolutionGuid = {E268DBEE-A423-4813-95C3-F0FADDBE1AD6}
	EndGlobalSection
EndGlobal
